
Microsoft Visual Studio Solution File, Format Version 12.00
# Visual Studio Version 17
VisualStudioVersion = 17.14.36327.8
MinimumVisualStudioVersion = 10.0.40219.1
Project("{FAE04EC0-301F-11D3-BF4B-00C04F79EFBC}") = "MWLathe", "MWLathe\MWLathe.csproj", "{FB00F4F3-D82C-48F2-A013-92967454F08F}"
EndProject
Global
	GlobalSection(SolutionConfigurationPlatforms) = preSolution
		Debug|Any CPU = Debug|Any CPU
		Release|Any CPU = Release|Any CPU
	EndGlobalSection
	GlobalSection(ProjectConfigurationPlatforms) = postSolution
		{FB00F4F3-D82C-48F2-A013-92967454F08F}.Debug|Any CPU.ActiveCfg = Debug|Any CPU
		{FB00F4F3-D82C-48F2-A013-92967454F08F}.Debug|Any CPU.Build.0 = Debug|Any CPU
		{FB00F4F3-D82C-48F2-A013-92967454F08F}.Release|Any CPU.ActiveCfg = Release|Any CPU
		{FB00F4F3-D82C-48F2-A013-92967454F08F}.Release|Any CPU.Build.0 = Release|Any CPU
	EndGlobalSection
	GlobalSection(SolutionProperties) = preSolution
		HideSolutionNode = FALSE
	EndGlobalSection
	GlobalSection(ExtensibilityGlobals) = postSolution
		SolutionGuid = {2F1DF8F2-0309-4798-85D2-45AB7470C830}
	EndGlobalSection
EndGlobal
